
Microsoft Visual Studio Solution File, Format Version 12.00
# Visual Studio Version 16
VisualStudioVersion = 16.0.31729.503
MinimumVisualStudioVersion = 10.0.40219.1
Project("{FAE04EC0-301F-11D3-BF4B-00C04F79EFBC}") = "CastingNumeros", "CastingNumeros.csproj", "{4D03D540-E55A-41F7-914A-98C1E3922A86}"
EndProject
Global
	GlobalSection(SolutionConfigurationPlatforms) = preSolution
		Debug|Any CPU = Debug|Any CPU
		Release|Any CPU = Release|Any CPU
	EndGlobalSection
	GlobalSection(ProjectConfigurationPlatforms) = postSolution
		{4D03D540-E55A-41F7-914A-98C1E3922A86}.Debug|Any CPU.ActiveCfg = Debug|Any CPU
		{4D03D540-E55A-41F7-914A-98C1E3922A86}.Debug|Any CPU.Build.0 = Debug|Any CPU
		{4D03D540-E55A-41F7-914A-98C1E3922A86}.Release|Any CPU.ActiveCfg = Release|Any CPU
		{4D03D540-E55A-41F7-914A-98C1E3922A86}.Release|Any CPU.Build.0 = Release|Any CPU
	EndGlobalSection
	GlobalSection(SolutionProperties) = preSolution
		HideSolutionNode = FALSE
	EndGlobalSection
	GlobalSection(ExtensibilityGlobals) = postSolution
		SolutionGuid = {A7187304-EC29-47B4-935A-13213B22CAF8}
	EndGlobalSection
EndGlobal
